// !$*UTF8*$!
{
	archiveVersion = 1;
	classes = {
	};
	objectVersion = 46;
	objects = {

/* Begin PBXBuildFile section */
		43F1D4DE1D69555F00D71833 /* AppDelegate.swift in Sources */ = {isa = PBXBuildFile; fileRef = 43F1D4DD1D69555F00D71833 /* AppDelegate.swift */; };
		43F1D4E01D69555F00D71833 /* ViewController.swift in Sources */ = {isa = PBXBuildFile; fileRef = 43F1D4DF1D69555F00D71833 /* ViewController.swift */; };
		43F1D4E51D69555F00D71833 /* Assets.xcassets in Resources */ = {isa = PBXBuildFile; fileRef = 43F1D4E41D69555F00D71833 /* Assets.xcassets */; };
		43F1D4E81D69555F00D71833 /* LaunchScreen.storyboard in Resources */ = {isa = PBXBuildFile; fileRef = 43F1D4E61D69555F00D71833 /* LaunchScreen.storyboard */; };
		43F1D4F01D69558000D71833 /* TableViewController.swift in Sources */ = {isa = PBXBuildFile; fileRef = 43F1D4EF1D69558000D71833 /* TableViewController.swift */; };
		43F1D4F21D695CF200D71833 /* ViewController2.swift in Sources */ = {isa = PBXBuildFile; fileRef = 43F1D4F11D695CF200D71833 /* ViewController2.swift */; };
/* End PBXBuildFile section */

/* Begin PBXFileReference section */
		43F1D4DA1D69555F00D71833 /* flipController.app */ = {isa = PBXFileReference; explicitFileType = wrapper.application; includeInIndex = 0; path = flipController.app; sourceTree = BUILT_PRODUCTS_DIR; };
		43F1D4DD1D69555F00D71833 /* AppDelegate.swift */ = {isa = PBXFileReference; lastKnownFileType = sourcecode.swift; path = AppDelegate.swift; sourceTree = "<group>"; };
		43F1D4DF1D69555F00D71833 /* ViewController.swift */ = {isa = PBXFileReference; lastKnownFileType = sourcecode.swift; path = ViewController.swift; sourceTree = "<group>"; };
		43F1D4E41D69555F00D71833 /* Assets.xcassets */ = {isa = PBXFileReference; lastKnownFileType = folder.assetcatalog; path = Assets.xcassets; sourceTree = "<group>"; };
		43F1D4E71D69555F00D71833 /* Base */ = {isa = PBXFileReference; lastKnownFileType = file.storyboard; name = Base; path = Base.lproj/LaunchScreen.storyboard; sourceTree = "<group>"; };
		43F1D4E91D69555F00D71833 /* Info.plist */ = {isa = PBXFileReference; lastKnownFileType = text.plist.xml; path = Info.plist; sourceTree = "<group>"; };
		43F1D4EF1D69558000D71833 /* TableViewController.swift */ = {isa = PBXFileReference; fileEncoding = 4; lastKnownFileType = sourcecode.swift; path = TableViewController.swift; sourceTree = "<group>"; };
		43F1D4F11D695CF200D71833 /* ViewController2.swift */ = {isa = PBXFileReference; fileEncoding = 4; lastKnownFileType = sourcecode.swift; path = ViewController2.swift; sourceTree = "<group>"; };
/* End PBXFileReference section */

/* Begin PBXFrameworksBuildPhase section */
		43F1D4D71D69555F00D71833 /* Frameworks */ = {
			isa = PBXFrameworksBuildPhase;
			buildActionMask = 2147483647;
			files = (
			);
			runOnlyForDeploymentPostprocessing = 0;
		};
/* End PBXFrameworksBuildPhase section */

/* Begin PBXGroup section */
		43F1D4D11D69555F00D71833 = {
			isa = PBXGroup;
			children = (
				43F1D4DC1D69555F00D71833 /* flipController */,
				43F1D4DB1D69555F00D71833 /* Products */,
			);
			sourceTree = "<group>";
		};
		43F1D4DB1D69555F00D71833 /* Products */ = {
			isa = PBXGroup;
			children = (
				43F1D4DA1D69555F00D71833 /* flipController.app */,
			);
			name = Products;
			sourceTree = "<group>";
		};
		43F1D4DC1D69555F00D71833 /* flipController */ = {
			isa = PBXGroup;
			children = (
				43F1D4DD1D69555F00D71833 /* AppDelegate.swift */,
				43F1D4DF1D69555F00D71833 /* ViewController.swift */,
				43F1D4E41D69555F00D71833 /* Assets.xcassets */,
				43F1D4E61D69555F00D71833 /* LaunchScreen.storyboard */,
				43F1D4E91D69555F00D71833 /* Info.plist */,
				43F1D4EF1D69558000D71833 /* TableViewController.swift */,
				43F1D4F11D695CF200D71833 /* ViewController2.swift */,
			);
			path = flipController;
			sourceTree = "<group>";
		};
/* End PBXGroup section */

/* Begin PBXNativeTarget section */
		43F1D4D91D69555F00D71833 /* flipController */ = {
			isa = PBXNativeTarget;
			buildConfigurationList = 43F1D4EC1D69555F00D71833 /* Build configuration list for PBXNativeTarget "flipController" */;
			buildPhases = (
				43F1D4D61D69555F00D71833 /* Sources */,
				43F1D4D71D69555F00D71833 /* Frameworks */,
				43F1D4D81D69555F00D71833 /* Resources */,
			);
			buildRules = (
			);
			dependencies = (
			);
			name = flipController;
			productName = flipController;
			productReference = 43F1D4DA1D69555F00D71833 /* flipController.app */;
			productType = "com.apple.product-type.application";
		};
/* End PBXNativeTarget section */

/* Begin PBXProject section */
		43F1D4D21D69555F00D71833 /* Project object */ = {
			isa = PBXProject;
			attributes = {
				LastSwiftUpdateCheck = 0730;
				LastUpgradeCheck = 0730;
				ORGANIZATIONNAME = MaSys;
				TargetAttributes = {
					43F1D4D91D69555F00D71833 = {
						CreatedOnToolsVersion = 7.3.1;
					};
				};
			};
			buildConfigurationList = 43F1D4D51D69555F00D71833 /* Build configuration list for PBXProject "flipController" */;
			compatibilityVersion = "Xcode 3.2";
			developmentRegion = English;
			hasScannedForEncodings = 0;
			knownRegions = (
				en,
				Base,
			);
			mainGroup = 43F1D4D11D69555F00D71833;
			productRefGroup = 43F1D4DB1D69555F00D71833 /* Products */;
			projectDirPath = "";
			projectRoot = "";
			targets = (
				43F1D4D91D69555F00D71833 /* flipController */,
			);
		};
/* End PBXProject section */

/* Begin PBXResourcesBuildPhase section */
		43F1D4D81D69555F00D71833 /* Resources */ = {
			isa = PBXResourcesBuildPhase;
			buildActionMask = 2147483647;
			files = (
				43F1D4E81D69555F00D71833 /* LaunchScreen.storyboard in Resources */,
				43F1D4E51D69555F00D71833 /* Assets.xcassets in Resources */,
			);
			runOnlyForDeploymentPostprocessing = 0;
		};
/* End PBXResourcesBuildPhase section */

/* Begin PBXSourcesBuildPhase section */
		43F1D4D61D69555F00D71833 /* Sources */ = {
			isa = PBXSourcesBuildPhase;
			buildActionMask = 2147483647;
			files = (
				43F1D4E01D69555F00D71833 /* ViewController.swift in Sources */,
				43F1D4F21D695CF200D71833 /* ViewController2.swift in Sources */,
				43F1D4F01D69558000D71833 /* TableViewController.swift in Sources */,
				43F1D4DE1D69555F00D71833 /* AppDelegate.swift in Sources */,
			);
			runOnlyForDeploymentPostprocessing = 0;
		};
/* End PBXSourcesBuildPhase section */

/* Begin PBXVariantGroup section */
		43F1D4E61D69555F00D71833 /* LaunchScreen.storyboard */ = {
			isa = PBXVariantGroup;
			children = (
				43F1D4E71D69555F00D71833 /* Base */,
			);
			name = LaunchScreen.storyboard;
			sourceTree = "<group>";
		};
/* End PBXVariantGroup section */

/* Begin XCBuildConfiguration section */
		43F1D4EA1D69555F00D71833 /* Debug */ = {
			isa = XCBuildConfiguration;
			buildSettings = {
				ALWAYS_SEARCH_USER_PATHS = NO;
				CLANG_ANALYZER_NONNULL = YES;
				CLANG_CXX_LANGUAGE_STANDARD = "gnu++0x";
				CLANG_CXX_LIBRARY = "libc++";
				CLANG_ENABLE_MODULES = YES;
				CLANG_ENABLE_OBJC_ARC = YES;
				CLANG_WARN_BOOL_CONVERSION = YES;
				CLANG_WARN_CONSTANT_CONVERSION = YES;
				CLANG_WARN_DIRECT_OBJC_ISA_USAGE = YES_ERROR;
				CLANG_WARN_EMPTY_BODY = YES;
				CLANG_WARN_ENUM_CONVERSION = YES;
				CLANG_WARN_INT_CONVERSION = YES;
				CLANG_WARN_OBJC_ROOT_CLASS = YES_ERROR;
				CLANG_WARN_UNREACHABLE_CODE = YES;
				CLANG_WARN__DUPLICATE_METHOD_MATCH = YES;
				"CODE_SIGN_IDENTITY[sdk=iphoneos*]" = "iPhone Developer";
				COPY_PHASE_STRIP = NO;
				DEBUG_INFORMATION_FORMAT = dwarf;
				ENABLE_STRICT_OBJC_MSGSEND = YES;
				ENABLE_TESTABILITY = YES;
				GCC_C_LANGUAGE_STANDARD = gnu99;
				GCC_DYNAMIC_NO_PIC = NO;
				GCC_NO_COMMON_BLOCKS = YES;
				GCC_OPTIMIZATION_LEVEL = 0;
				GCC_PREPROCESSOR_DEFINITIONS = (
					"DEBUG=1",
					"$(inherited)",
				);
				GCC_WARN_64_TO_32_BIT_CONVERSION = YES;
				GCC_WARN_ABOUT_RETURN_TYPE = YES_ERROR;
				GCC_WARN_UNDECLARED_SELECTOR = YES;
				GCC_WARN_UNINITIALIZED_AUTOS = YES_AGGRESSIVE;
				GCC_WARN_UNUSED_FUNCTION = YES;
				GCC_WARN_UNUSED_VARIABLE = YES;
				IPHONEOS_DEPLOYMENT_TARGET = 9.3;
				MTL_ENABLE_DEBUG_INFO = YES;
				ONLY_ACTIVE_ARCH = YES;
				SDKROOT = iphoneos;
				SWIFT_OPTIMIZATION_LEVEL = "-Onone";
				TARGETED_DEVICE_FAMILY = "1,2";
			};
			name = Debug;
		};
		43F1D4EB1D69555F00D71833 /* Release */ = {
			isa = XCBuildConfiguration;
			buildSettings = {
				ALWAYS_SEARCH_USER_PATHS = NO;
				CLANG_ANALYZER_NONNULL = YES;
				CLANG_CXX_LANGUAGE_STANDARD = "gnu++0x";
				CLANG_CXX_LIBRARY = "libc++";
				CLANG_ENABLE_MODULES = YES;
				CLANG_ENABLE_OBJC_ARC = YES;
				CLANG_WARN_BOOL_CONVERSION = YES;
				CLANG_WARN_CONSTANT_CONVERSION = YES;
				CLANG_WARN_DIRECT_OBJC_ISA_USAGE = YES_ERROR;
				CLANG_WARN_EMPTY_BODY = YES;
				CLANG_WARN_ENUM_CONVERSION = YES;
				CLANG_WARN_INT_CONVERSION = YES;
				CLANG_WARN_OBJC_ROOT_CLASS = YES_ERROR;
				CLANG_WARN_UNREACHABLE_CODE = YES;
				CLANG_WARN__DUPLICATE_METHOD_MATCH = YES;
				"CODE_SIGN_IDENTITY[sdk=iphoneos*]" = "iPhone Developer";
				COPY_PHASE_STRIP = NO;
				DEBUG_INFORMATION_FORMAT = "dwarf-with-dsym";
				ENABLE_NS_ASSERTIONS = NO;
				ENABLE_STRICT_OBJC_MSGSEND = YES;
				GCC_C_LANGUAGE_STANDARD = gnu99;
				GCC_NO_COMMON_BLOCKS = YES;
				GCC_WARN_64_TO_32_BIT_CONVERSION = YES;
				GCC_WARN_ABOUT_RETURN_TYPE = YES_ERROR;
				GCC_WARN_UNDECLARED_SELECTOR = YES;
				GCC_WARN_UNINITIALIZED_AUTOS = YES_AGGRESSIVE;
				GCC_WARN_UNUSED_FUNCTION = YES;
				GCC_WARN_UNUSED_VARIABLE = YES;
				IPHONEOS_DEPLOYMENT_TARGET = 9.3;
				MTL_ENABLE_DEBUG_INFO = NO;
				SDKROOT = iphoneos;
				TARGETED_DEVICE_FAMILY = "1,2";
				VALIDATE_PRODUCT = YES;
			};
			name = Release;
		};
		43F1D4ED1D69555F00D71833 /* Debug */ = {
			isa = XCBuildConfiguration;
			buildSettings = {
				ASSETCATALOG_COMPILER_APPICON_NAME = AppIcon;
				INFOPLIST_FILE = flipController/Info.plist;
				LD_RUNPATH_SEARCH_PATHS = "$(inherited) @executable_path/Frameworks";
				PRODUCT_BUNDLE_IDENTIFIER = co.masys.flipController;
				PRODUCT_NAME = "$(TARGET_NAME)";
			};
			name = Debug;
		};
		43F1D4EE1D69555F00D71833 /* Release */ = {
			isa = XCBuildConfiguration;
			buildSettings = {
				ASSETCATALOG_COMPILER_APPICON_NAME = AppIcon;
				INFOPLIST_FILE = flipController/Info.plist;
				LD_RUNPATH_SEARCH_PATHS = "$(inherited) @executable_path/Frameworks";
				PRODUCT_BUNDLE_IDENTIFIER = co.masys.flipController;
				PRODUCT_NAME = "$(TARGET_NAME)";
			};
			name = Release;
		};
/* End XCBuildConfiguration section */

/* Begin XCConfigurationList section */
		43F1D4D51D69555F00D71833 /* Build configuration list for PBXProject "flipController" */ = {
			isa = XCConfigurationList;
			buildConfigurations = (
				43F1D4EA1D69555F00D71833 /* Debug */,
				43F1D4EB1D69555F00D71833 /* Release */,
			);
			defaultConfigurationIsVisible = 0;
			defaultConfigurationName = Release;
		};
		43F1D4EC1D69555F00D71833 /* Build configuration list for PBXNativeTarget "flipController" */ = {
			isa = XCConfigurationList;
			buildConfigurations = (
				43F1D4ED1D69555F00D71833 /* Debug */,
				43F1D4EE1D69555F00D71833 /* Release */,
			);
			defaultConfigurationIsVisible = 0;
		};
/* End XCConfigurationList section */
	};
	rootObject = 43F1D4D21D69555F00D71833 /* Project object */;
}
